
Microsoft Visual Studio Solution File, Format Version 12.00
# Visual Studio Version 17
VisualStudioVersion = 17.0.31903.59
MinimumVisualStudioVersion = 10.0.40219.1
Project("{2150E333-8FDC-42A3-9474-1A3956D46DE8}") = "src", "src", "{5A5C926A-DF81-4C5A-861D-425458557ADC}"
EndProject
Project("{9A19103F-16F7-4668-BE54-9A1E7A4F7556}") = "InvokeApp.MAUI", "src\InvokeApp.MAUI\InvokeApp.MAUI.csproj", "{7343A088-3C29-4913-A2F2-2BDFCCF9FC20}"
EndProject
Project("{FAE04EC0-301F-11D3-BF4B-00C04F79EFBC}") = "InvokeApp.Shared", "src\InvokeApp.Shared\InvokeApp.Shared.csproj", "{3376F2EB-2C19-492A-8539-D35824889DC9}"
EndProject
Global
	GlobalSection(SolutionConfigurationPlatforms) = preSolution
		Debug|Any CPU = Debug|Any CPU
		Release|Any CPU = Release|Any CPU
	EndGlobalSection
	GlobalSection(ProjectConfigurationPlatforms) = postSolution
		{7343A088-3C29-4913-A2F2-2BDFCCF9FC20}.Debug|Any CPU.ActiveCfg = Debug|Any CPU
		{7343A088-3C29-4913-A2F2-2BDFCCF9FC20}.Debug|Any CPU.Build.0 = Debug|Any CPU
		{7343A088-3C29-4913-A2F2-2BDFCCF9FC20}.Debug|Any CPU.Deploy.0 = Debug|Any CPU
		{7343A088-3C29-4913-A2F2-2BDFCCF9FC20}.Release|Any CPU.ActiveCfg = Release|Any CPU
		{7343A088-3C29-4913-A2F2-2BDFCCF9FC20}.Release|Any CPU.Build.0 = Release|Any CPU
		{7343A088-3C29-4913-A2F2-2BDFCCF9FC20}.Release|Any CPU.Deploy.0 = Release|Any CPU
		{3376F2EB-2C19-492A-8539-D35824889DC9}.Debug|Any CPU.ActiveCfg = Debug|Any CPU
		{3376F2EB-2C19-492A-8539-D35824889DC9}.Debug|Any CPU.Build.0 = Debug|Any CPU
		{3376F2EB-2C19-492A-8539-D35824889DC9}.Release|Any CPU.ActiveCfg = Release|Any CPU
		{3376F2EB-2C19-492A-8539-D35824889DC9}.Release|Any CPU.Build.0 = Release|Any CPU
	EndGlobalSection
	GlobalSection(SolutionProperties) = preSolution
		HideSolutionNode = FALSE
	EndGlobalSection
	GlobalSection(NestedProjects) = preSolution
		{7343A088-3C29-4913-A2F2-2BDFCCF9FC20} = {5A5C926A-DF81-4C5A-861D-425458557ADC}
		{3376F2EB-2C19-492A-8539-D35824889DC9} = {5A5C926A-DF81-4C5A-861D-425458557ADC}
	EndGlobalSection
	GlobalSection(ExtensibilityGlobals) = postSolution
		SolutionGuid = {9FA21600-F5FD-4145-B2ED-BE560B875501}
	EndGlobalSection
EndGlobal
